// !$*UTF8*$!
{
	archiveVersion = 1;
	classes = {
	};
	objectVersion = 46;
	objects = {

/* Begin PBXBuildFile section */
		5F5A00CA1447E7F5C81D2B3D /* Pods_Pocket_Pantry.framework in Frameworks */ = {isa = PBXBuildFile; fileRef = BCF95099C5E4D6890908E8F0 /* Pods_Pocket_Pantry.framework */; };
		D8426D171C907B8F00E091D5 /* AppDelegate.swift in Sources */ = {isa = PBXBuildFile; fileRef = D8426D161C907B8F00E091D5 /* AppDelegate.swift */; };
		D8426D1C1C907B8F00E091D5 /* Main.storyboard in Resources */ = {isa = PBXBuildFile; fileRef = D8426D1A1C907B8F00E091D5 /* Main.storyboard */; };
		D8426D1E1C907B8F00E091D5 /* Assets.xcassets in Resources */ = {isa = PBXBuildFile; fileRef = D8426D1D1C907B8F00E091D5 /* Assets.xcassets */; };
		D8426D211C907B8F00E091D5 /* LaunchScreen.storyboard in Resources */ = {isa = PBXBuildFile; fileRef = D8426D1F1C907B8F00E091D5 /* LaunchScreen.storyboard */; };
		D8426D481C90B05900E091D5 /* PantryTableViewCell.swift in Sources */ = {isa = PBXBuildFile; fileRef = D8426D471C90B05900E091D5 /* PantryTableViewCell.swift */; };
		D8426D4A1C90B08400E091D5 /* VideoTableViewCell.swift in Sources */ = {isa = PBXBuildFile; fileRef = D8426D491C90B08400E091D5 /* VideoTableViewCell.swift */; };
		D8426D5E1C90B0ED00E091D5 /* YoutubeAPI.swift in Sources */ = {isa = PBXBuildFile; fileRef = D8426D4C1C90B0ED00E091D5 /* YoutubeAPI.swift */; };
		D8426D5F1C90B0ED00E091D5 /* Pantry.swift in Sources */ = {isa = PBXBuildFile; fileRef = D8426D4E1C90B0ED00E091D5 /* Pantry.swift */; };
		D8426D601C90B0ED00E091D5 /* PantryItem.swift in Sources */ = {isa = PBXBuildFile; fileRef = D8426D4F1C90B0ED00E091D5 /* PantryItem.swift */; };
		D8426D611C90B0ED00E091D5 /* Video.swift in Sources */ = {isa = PBXBuildFile; fileRef = D8426D501C90B0ED00E091D5 /* Video.swift */; };
		D8426D621C90B0ED00E091D5 /* FavoritesTableViewDataSource.swift in Sources */ = {isa = PBXBuildFile; fileRef = D8426D521C90B0ED00E091D5 /* FavoritesTableViewDataSource.swift */; };
		D8426D631C90B0ED00E091D5 /* FavoritesTableViewDelegate.swift in Sources */ = {isa = PBXBuildFile; fileRef = D8426D531C90B0ED00E091D5 /* FavoritesTableViewDelegate.swift */; };
		D8426D641C90B0ED00E091D5 /* FavoritesViewController.swift in Sources */ = {isa = PBXBuildFile; fileRef = D8426D541C90B0ED00E091D5 /* FavoritesViewController.swift */; };
		D8426D651C90B0ED00E091D5 /* PantryTableViewDataSource.swift in Sources */ = {isa = PBXBuildFile; fileRef = D8426D551C90B0ED00E091D5 /* PantryTableViewDataSource.swift */; };
		D8426D661C90B0ED00E091D5 /* PantryTableViewDelegate.swift in Sources */ = {isa = PBXBuildFile; fileRef = D8426D561C90B0ED00E091D5 /* PantryTableViewDelegate.swift */; };
		D8426D671C90B0ED00E091D5 /* PantryViewController.swift in Sources */ = {isa = PBXBuildFile; fileRef = D8426D571C90B0ED00E091D5 /* PantryViewController.swift */; };
		D8426D681C90B0ED00E091D5 /* VideosTableViewDataSource.swift in Sources */ = {isa = PBXBuildFile; fileRef = D8426D581C90B0ED00E091D5 /* VideosTableViewDataSource.swift */; };
		D8426D691C90B0ED00E091D5 /* VideosTableViewDelegate.swift in Sources */ = {isa = PBXBuildFile; fileRef = D8426D591C90B0ED00E091D5 /* VideosTableViewDelegate.swift */; };
		D8426D6A1C90B0ED00E091D5 /* VideosViewController.swift in Sources */ = {isa = PBXBuildFile; fileRef = D8426D5A1C90B0ED00E091D5 /* VideosViewController.swift */; };
/* End PBXBuildFile section */

/* Begin PBXFileReference section */
		08B02A3BBE106B10E444D1B1 /* Pods-Pocket Pantry.debug.xcconfig */ = {isa = PBXFileReference; includeInIndex = 1; lastKnownFileType = text.xcconfig; name = "Pods-Pocket Pantry.debug.xcconfig"; path = "Pods/Target Support Files/Pods-Pocket Pantry/Pods-Pocket Pantry.debug.xcconfig"; sourceTree = "<group>"; };
		9685A4B2AF447A4415F2578D /* Pods-Pocket Pantry.release.xcconfig */ = {isa = PBXFileReference; includeInIndex = 1; lastKnownFileType = text.xcconfig; name = "Pods-Pocket Pantry.release.xcconfig"; path = "Pods/Target Support Files/Pods-Pocket Pantry/Pods-Pocket Pantry.release.xcconfig"; sourceTree = "<group>"; };
		BCF95099C5E4D6890908E8F0 /* Pods_Pocket_Pantry.framework */ = {isa = PBXFileReference; explicitFileType = wrapper.framework; includeInIndex = 0; path = Pods_Pocket_Pantry.framework; sourceTree = BUILT_PRODUCTS_DIR; };
		D8426D131C907B8F00E091D5 /* Pocket Pantry.app */ = {isa = PBXFileReference; explicitFileType = wrapper.application; includeInIndex = 0; path = "Pocket Pantry.app"; sourceTree = BUILT_PRODUCTS_DIR; };
		D8426D161C907B8F00E091D5 /* AppDelegate.swift */ = {isa = PBXFileReference; lastKnownFileType = sourcecode.swift; path = AppDelegate.swift; sourceTree = "<group>"; };
		D8426D1B1C907B8F00E091D5 /* Base */ = {isa = PBXFileReference; lastKnownFileType = file.storyboard; name = Base; path = Base.lproj/Main.storyboard; sourceTree = "<group>"; };
		D8426D1D1C907B8F00E091D5 /* Assets.xcassets */ = {isa = PBXFileReference; lastKnownFileType = folder.assetcatalog; path = Assets.xcassets; sourceTree = "<group>"; };
		D8426D201C907B8F00E091D5 /* Base */ = {isa = PBXFileReference; lastKnownFileType = file.storyboard; name = Base; path = Base.lproj/LaunchScreen.storyboard; sourceTree = "<group>"; };
		D8426D221C907B8F00E091D5 /* Info.plist */ = {isa = PBXFileReference; lastKnownFileType = text.plist.xml; path = Info.plist; sourceTree = "<group>"; };
		D8426D471C90B05900E091D5 /* PantryTableViewCell.swift */ = {isa = PBXFileReference; fileEncoding = 4; lastKnownFileType = sourcecode.swift; name = PantryTableViewCell.swift; path = Views/PantryTableViewCell.swift; sourceTree = "<group>"; };
		D8426D491C90B08400E091D5 /* VideoTableViewCell.swift */ = {isa = PBXFileReference; fileEncoding = 4; lastKnownFileType = sourcecode.swift; name = VideoTableViewCell.swift; path = Views/VideoTableViewCell.swift; sourceTree = "<group>"; };
		D8426D4C1C90B0ED00E091D5 /* YoutubeAPI.swift */ = {isa = PBXFileReference; fileEncoding = 4; lastKnownFileType = sourcecode.swift; path = YoutubeAPI.swift; sourceTree = "<group>"; };
		D8426D4E1C90B0ED00E091D5 /* Pantry.swift */ = {isa = PBXFileReference; fileEncoding = 4; lastKnownFileType = sourcecode.swift; path = Pantry.swift; sourceTree = "<group>"; };
		D8426D4F1C90B0ED00E091D5 /* PantryItem.swift */ = {isa = PBXFileReference; fileEncoding = 4; lastKnownFileType = sourcecode.swift; path = PantryItem.swift; sourceTree = "<group>"; };
		D8426D501C90B0ED00E091D5 /* Video.swift */ = {isa = PBXFileReference; fileEncoding = 4; lastKnownFileType = sourcecode.swift; path = Video.swift; sourceTree = "<group>"; };
		D8426D521C90B0ED00E091D5 /* FavoritesTableViewDataSource.swift */ = {isa = PBXFileReference; fileEncoding = 4; lastKnownFileType = sourcecode.swift; name = FavoritesTableViewDataSource.swift; path = ViewControllers/FavoritesTableViewDataSource.swift; sourceTree = "<group>"; };
		D8426D531C90B0ED00E091D5 /* FavoritesTableViewDelegate.swift */ = {isa = PBXFileReference; fileEncoding = 4; lastKnownFileType = sourcecode.swift; name = FavoritesTableViewDelegate.swift; path = ViewControllers/FavoritesTableViewDelegate.swift; sourceTree = "<group>"; };
		D8426D541C90B0ED00E091D5 /* FavoritesViewController.swift */ = {isa = PBXFileReference; fileEncoding = 4; lastKnownFileType = sourcecode.swift; name = FavoritesViewController.swift; path = ViewControllers/FavoritesViewController.swift; sourceTree = "<group>"; };
		D8426D551C90B0ED00E091D5 /* PantryTableViewDataSource.swift */ = {isa = PBXFileReference; fileEncoding = 4; lastKnownFileType = sourcecode.swift; name = PantryTableViewDataSource.swift; path = ViewControllers/PantryTableViewDataSource.swift; sourceTree = "<group>"; };
		D8426D561C90B0ED00E091D5 /* PantryTableViewDelegate.swift */ = {isa = PBXFileReference; fileEncoding = 4; lastKnownFileType = sourcecode.swift; name = PantryTableViewDelegate.swift; path = ViewControllers/PantryTableViewDelegate.swift; sourceTree = "<group>"; };
		D8426D571C90B0ED00E091D5 /* PantryViewController.swift */ = {isa = PBXFileReference; fileEncoding = 4; lastKnownFileType = sourcecode.swift; name = PantryViewController.swift; path = ViewControllers/PantryViewController.swift; sourceTree = "<group>"; };
		D8426D581C90B0ED00E091D5 /* VideosTableViewDataSource.swift */ = {isa = PBXFileReference; fileEncoding = 4; lastKnownFileType = sourcecode.swift; name = VideosTableViewDataSource.swift; path = ViewControllers/VideosTableViewDataSource.swift; sourceTree = "<group>"; };
		D8426D591C90B0ED00E091D5 /* VideosTableViewDelegate.swift */ = {isa = PBXFileReference; fileEncoding = 4; lastKnownFileType = sourcecode.swift; name = VideosTableViewDelegate.swift; path = ViewControllers/VideosTableViewDelegate.swift; sourceTree = "<group>"; };
		D8426D5A1C90B0ED00E091D5 /* VideosViewController.swift */ = {isa = PBXFileReference; fileEncoding = 4; lastKnownFileType = sourcecode.swift; name = VideosViewController.swift; path = ViewControllers/VideosViewController.swift; sourceTree = "<group>"; };
/* End PBXFileReference section */

/* Begin PBXFrameworksBuildPhase section */
		D8426D101C907B8F00E091D5 /* Frameworks */ = {
			isa = PBXFrameworksBuildPhase;
			buildActionMask = 2147483647;
			files = (
				5F5A00CA1447E7F5C81D2B3D /* Pods_Pocket_Pantry.framework in Frameworks */,
			);
			runOnlyForDeploymentPostprocessing = 0;
		};
/* End PBXFrameworksBuildPhase section */

/* Begin PBXGroup section */
		5BB2EFDF91FD4836E9354DA4 /* Frameworks */ = {
			isa = PBXGroup;
			children = (
				BCF95099C5E4D6890908E8F0 /* Pods_Pocket_Pantry.framework */,
			);
			name = Frameworks;
			sourceTree = "<group>";
		};
		D8426D0A1C907B8F00E091D5 = {
			isa = PBXGroup;
			children = (
				D8426D151C907B8F00E091D5 /* Pocket Pantry */,
				D8426D141C907B8F00E091D5 /* Products */,
				DFE11E4143D56865BFAD3A21 /* Pods */,
				5BB2EFDF91FD4836E9354DA4 /* Frameworks */,
			);
			sourceTree = "<group>";
		};
		D8426D141C907B8F00E091D5 /* Products */ = {
			isa = PBXGroup;
			children = (
				D8426D131C907B8F00E091D5 /* Pocket Pantry.app */,
			);
			name = Products;
			sourceTree = "<group>";
		};
		D8426D151C907B8F00E091D5 /* Pocket Pantry */ = {
			isa = PBXGroup;
			children = (
				D8426D4B1C90B0ED00E091D5 /* API */,
				D8426D4D1C90B0ED00E091D5 /* Models */,
				D8426D461C90B02B00E091D5 /* Views */,
				D8426D2A1C90857B00E091D5 /* View Controllers */,
				D8426D161C907B8F00E091D5 /* AppDelegate.swift */,
				D8426D1A1C907B8F00E091D5 /* Main.storyboard */,
				D8426D1F1C907B8F00E091D5 /* LaunchScreen.storyboard */,
				D8426D1D1C907B8F00E091D5 /* Assets.xcassets */,
				D8426D221C907B8F00E091D5 /* Info.plist */,
			);
			path = "Pocket Pantry";
			sourceTree = "<group>";
		};
		D8426D2A1C90857B00E091D5 /* View Controllers */ = {
			isa = PBXGroup;
			children = (
				D8426D331C90A95D00E091D5 /* Videos */,
				D8426D341C90A96800E091D5 /* Pantry */,
				D8426D351C90A96F00E091D5 /* Favorites */,
			);
			name = "View Controllers";
			sourceTree = "<group>";
		};
		D8426D331C90A95D00E091D5 /* Videos */ = {
			isa = PBXGroup;
			children = (
				D8426D581C90B0ED00E091D5 /* VideosTableViewDataSource.swift */,
				D8426D591C90B0ED00E091D5 /* VideosTableViewDelegate.swift */,
				D8426D5A1C90B0ED00E091D5 /* VideosViewController.swift */,
			);
			name = Videos;
			sourceTree = "<group>";
		};
		D8426D341C90A96800E091D5 /* Pantry */ = {
			isa = PBXGroup;
			children = (
				D8426D551C90B0ED00E091D5 /* PantryTableViewDataSource.swift */,
				D8426D561C90B0ED00E091D5 /* PantryTableViewDelegate.swift */,
				D8426D571C90B0ED00E091D5 /* PantryViewController.swift */,
			);
			name = Pantry;
			sourceTree = "<group>";
		};
		D8426D351C90A96F00E091D5 /* Favorites */ = {
			isa = PBXGroup;
			children = (
				D8426D521C90B0ED00E091D5 /* FavoritesTableViewDataSource.swift */,
				D8426D531C90B0ED00E091D5 /* FavoritesTableViewDelegate.swift */,
				D8426D541C90B0ED00E091D5 /* FavoritesViewController.swift */,
			);
			name = Favorites;
			sourceTree = "<group>";
		};
		D8426D461C90B02B00E091D5 /* Views */ = {
			isa = PBXGroup;
			children = (
				D8426D471C90B05900E091D5 /* PantryTableViewCell.swift */,
				D8426D491C90B08400E091D5 /* VideoTableViewCell.swift */,
			);
			name = Views;
			sourceTree = "<group>";
		};
		D8426D4B1C90B0ED00E091D5 /* API */ = {
			isa = PBXGroup;
			children = (
				D8426D4C1C90B0ED00E091D5 /* YoutubeAPI.swift */,
			);
			path = API;
			sourceTree = "<group>";
		};
		D8426D4D1C90B0ED00E091D5 /* Models */ = {
			isa = PBXGroup;
			children = (
				D8426D4E1C90B0ED00E091D5 /* Pantry.swift */,
				D8426D4F1C90B0ED00E091D5 /* PantryItem.swift */,
				D8426D501C90B0ED00E091D5 /* Video.swift */,
			);
			path = Models;
			sourceTree = "<group>";
		};
		DFE11E4143D56865BFAD3A21 /* Pods */ = {
			isa = PBXGroup;
			children = (
				08B02A3BBE106B10E444D1B1 /* Pods-Pocket Pantry.debug.xcconfig */,
				9685A4B2AF447A4415F2578D /* Pods-Pocket Pantry.release.xcconfig */,
			);
			name = Pods;
			sourceTree = "<group>";
		};
/* End PBXGroup section */

/* Begin PBXNativeTarget section */
		D8426D121C907B8F00E091D5 /* Pocket Pantry */ = {
			isa = PBXNativeTarget;
			buildConfigurationList = D8426D251C907B8F00E091D5 /* Build configuration list for PBXNativeTarget "Pocket Pantry" */;
			buildPhases = (
				08F1AB4669AB35F02D258F30 /* Check Pods Manifest.lock */,
				D8426D0F1C907B8F00E091D5 /* Sources */,
				D8426D101C907B8F00E091D5 /* Frameworks */,
				D8426D111C907B8F00E091D5 /* Resources */,
				8D090E5C218D4F4EC84A327D /* Embed Pods Frameworks */,
				A4733912480245DC8095532B /* Copy Pods Resources */,
				D8426D6D1C90B24D00E091D5 /* ShellScript */,
			);
			buildRules = (
			);
			dependencies = (
			);
			name = "Pocket Pantry";
			productName = "Pocket Pantry";
			productReference = D8426D131C907B8F00E091D5 /* Pocket Pantry.app */;
			productType = "com.apple.product-type.application";
		};
/* End PBXNativeTarget section */

/* Begin PBXProject section */
		D8426D0B1C907B8F00E091D5 /* Project object */ = {
			isa = PBXProject;
			attributes = {
				LastSwiftUpdateCheck = 0720;
				LastUpgradeCheck = 0720;
				ORGANIZATIONNAME = StChabnah;
				TargetAttributes = {
					D8426D121C907B8F00E091D5 = {
						CreatedOnToolsVersion = 7.2.1;
						DevelopmentTeam = 37E2RLU4H9;
					};
				};
			};
			buildConfigurationList = D8426D0E1C907B8F00E091D5 /* Build configuration list for PBXProject "Pocket Pantry" */;
			compatibilityVersion = "Xcode 3.2";
			developmentRegion = English;
			hasScannedForEncodings = 0;
			knownRegions = (
				en,
				Base,
			);
			mainGroup = D8426D0A1C907B8F00E091D5;
			productRefGroup = D8426D141C907B8F00E091D5 /* Products */;
			projectDirPath = "";
			projectRoot = "";
			targets = (
				D8426D121C907B8F00E091D5 /* Pocket Pantry */,
			);
		};
/* End PBXProject section */

/* Begin PBXResourcesBuildPhase section */
		D8426D111C907B8F00E091D5 /* Resources */ = {
			isa = PBXResourcesBuildPhase;
			buildActionMask = 2147483647;
			files = (
				D8426D211C907B8F00E091D5 /* LaunchScreen.storyboard in Resources */,
				D8426D1E1C907B8F00E091D5 /* Assets.xcassets in Resources */,
				D8426D1C1C907B8F00E091D5 /* Main.storyboard in Resources */,
			);
			runOnlyForDeploymentPostprocessing = 0;
		};
/* End PBXResourcesBuildPhase section */

/* Begin PBXShellScriptBuildPhase section */
		08F1AB4669AB35F02D258F30 /* Check Pods Manifest.lock */ = {
			isa = PBXShellScriptBuildPhase;
			buildActionMask = 2147483647;
			files = (
			);
			inputPaths = (
			);
			name = "Check Pods Manifest.lock";
			outputPaths = (
			);
			runOnlyForDeploymentPostprocessing = 0;
			shellPath = /bin/sh;
			shellScript = "diff \"${PODS_ROOT}/../Podfile.lock\" \"${PODS_ROOT}/Manifest.lock\" > /dev/null\nif [[ $? != 0 ]] ; then\n    cat << EOM\nerror: The sandbox is not in sync with the Podfile.lock. Run 'pod install' or update your CocoaPods installation.\nEOM\n    exit 1\nfi\n";
			showEnvVarsInLog = 0;
		};
		8D090E5C218D4F4EC84A327D /* Embed Pods Frameworks */ = {
			isa = PBXShellScriptBuildPhase;
			buildActionMask = 2147483647;
			files = (
			);
			inputPaths = (
			);
			name = "Embed Pods Frameworks";
			outputPaths = (
			);
			runOnlyForDeploymentPostprocessing = 0;
			shellPath = /bin/sh;
			shellScript = "\"${SRCROOT}/Pods/Target Support Files/Pods-Pocket Pantry/Pods-Pocket Pantry-frameworks.sh\"\n";
			showEnvVarsInLog = 0;
		};
		A4733912480245DC8095532B /* Copy Pods Resources */ = {
			isa = PBXShellScriptBuildPhase;
			buildActionMask = 2147483647;
			files = (
			);
			inputPaths = (
			);
			name = "Copy Pods Resources";
			outputPaths = (
			);
			runOnlyForDeploymentPostprocessing = 0;
			shellPath = /bin/sh;
			shellScript = "\"${SRCROOT}/Pods/Target Support Files/Pods-Pocket Pantry/Pods-Pocket Pantry-resources.sh\"\n";
			showEnvVarsInLog = 0;
		};
		D8426D6D1C90B24D00E091D5 /* ShellScript */ = {
			isa = PBXShellScriptBuildPhase;
			buildActionMask = 2147483647;
			files = (
			);
			inputPaths = (
			);
			outputPaths = (
			);
			runOnlyForDeploymentPostprocessing = 0;
			shellPath = /bin/sh;
			shellScript = "TAGS=\"TODO:|FIXME:\"\nERRORTAG=\"ERROR:\"\nfind \"${SRCROOT}\" \\( -name \"*.h\" -or -name \"*.m\" -or -name \"*.swift\" \\) -print0 | xargs -0 egrep --with-filename --line-number --only-matching \"($TAGS).*\\$|($ERRORTAG).*\\$\" | perl -p -e \"s/($TAGS)/ warning: \\$1/\" | perl -p -e \"s/($ERRORTAG)/ error: \\$1/\"";
		};
/* End PBXShellScriptBuildPhase section */

/* Begin PBXSourcesBuildPhase section */
		D8426D0F1C907B8F00E091D5 /* Sources */ = {
			isa = PBXSourcesBuildPhase;
			buildActionMask = 2147483647;
			files = (
				D8426D671C90B0ED00E091D5 /* PantryViewController.swift in Sources */,
				D8426D631C90B0ED00E091D5 /* FavoritesTableViewDelegate.swift in Sources */,
				D8426D5F1C90B0ED00E091D5 /* Pantry.swift in Sources */,
				D8426D621C90B0ED00E091D5 /* FavoritesTableViewDataSource.swift in Sources */,
				D8426D5E1C90B0ED00E091D5 /* YoutubeAPI.swift in Sources */,
				D8426D601C90B0ED00E091D5 /* PantryItem.swift in Sources */,
				D8426D481C90B05900E091D5 /* PantryTableViewCell.swift in Sources */,
				D8426D661C90B0ED00E091D5 /* PantryTableViewDelegate.swift in Sources */,
				D8426D611C90B0ED00E091D5 /* Video.swift in Sources */,
				D8426D681C90B0ED00E091D5 /* VideosTableViewDataSource.swift in Sources */,
				D8426D691C90B0ED00E091D5 /* VideosTableViewDelegate.swift in Sources */,
				D8426D171C907B8F00E091D5 /* AppDelegate.swift in Sources */,
				D8426D6A1C90B0ED00E091D5 /* VideosViewController.swift in Sources */,
				D8426D4A1C90B08400E091D5 /* VideoTableViewCell.swift in Sources */,
				D8426D641C90B0ED00E091D5 /* FavoritesViewController.swift in Sources */,
				D8426D651C90B0ED00E091D5 /* PantryTableViewDataSource.swift in Sources */,
			);
			runOnlyForDeploymentPostprocessing = 0;
		};
/* End PBXSourcesBuildPhase section */

/* Begin PBXVariantGroup section */
		D8426D1A1C907B8F00E091D5 /* Main.storyboard */ = {
			isa = PBXVariantGroup;
			children = (
				D8426D1B1C907B8F00E091D5 /* Base */,
			);
			name = Main.storyboard;
			sourceTree = "<group>";
		};
		D8426D1F1C907B8F00E091D5 /* LaunchScreen.storyboard */ = {
			isa = PBXVariantGroup;
			children = (
				D8426D201C907B8F00E091D5 /* Base */,
			);
			name = LaunchScreen.storyboard;
			sourceTree = "<group>";
		};
/* End PBXVariantGroup section */

/* Begin XCBuildConfiguration section */
		D8426D231C907B8F00E091D5 /* Debug */ = {
			isa = XCBuildConfiguration;
			buildSettings = {
				ALWAYS_SEARCH_USER_PATHS = NO;
				CLANG_CXX_LANGUAGE_STANDARD = "gnu++0x";
				CLANG_CXX_LIBRARY = "libc++";
				CLANG_ENABLE_MODULES = YES;
				CLANG_ENABLE_OBJC_ARC = YES;
				CLANG_WARN_BOOL_CONVERSION = YES;
				CLANG_WARN_CONSTANT_CONVERSION = YES;
				CLANG_WARN_DIRECT_OBJC_ISA_USAGE = YES_ERROR;
				CLANG_WARN_EMPTY_BODY = YES;
				CLANG_WARN_ENUM_CONVERSION = YES;
				CLANG_WARN_INT_CONVERSION = YES;
				CLANG_WARN_OBJC_ROOT_CLASS = YES_ERROR;
				CLANG_WARN_UNREACHABLE_CODE = YES;
				CLANG_WARN__DUPLICATE_METHOD_MATCH = YES;
				"CODE_SIGN_IDENTITY[sdk=iphoneos*]" = "iPhone Developer";
				COPY_PHASE_STRIP = NO;
				DEBUG_INFORMATION_FORMAT = dwarf;
				ENABLE_STRICT_OBJC_MSGSEND = YES;
				ENABLE_TESTABILITY = YES;
				GCC_C_LANGUAGE_STANDARD = gnu99;
				GCC_DYNAMIC_NO_PIC = NO;
				GCC_NO_COMMON_BLOCKS = YES;
				GCC_OPTIMIZATION_LEVEL = 0;
				GCC_PREPROCESSOR_DEFINITIONS = (
					"DEBUG=1",
					"$(inherited)",
				);
				GCC_WARN_64_TO_32_BIT_CONVERSION = YES;
				GCC_WARN_ABOUT_RETURN_TYPE = YES_ERROR;
				GCC_WARN_UNDECLARED_SELECTOR = YES;
				GCC_WARN_UNINITIALIZED_AUTOS = YES_AGGRESSIVE;
				GCC_WARN_UNUSED_FUNCTION = YES;
				GCC_WARN_UNUSED_VARIABLE = YES;
				IPHONEOS_DEPLOYMENT_TARGET = 9.2;
				MTL_ENABLE_DEBUG_INFO = YES;
				ONLY_ACTIVE_ARCH = YES;
				SDKROOT = iphoneos;
				SWIFT_OPTIMIZATION_LEVEL = "-Onone";
			};
			name = Debug;
		};
		D8426D241C907B8F00E091D5 /* Release */ = {
			isa = XCBuildConfiguration;
			buildSettings = {
				ALWAYS_SEARCH_USER_PATHS = NO;
				CLANG_CXX_LANGUAGE_STANDARD = "gnu++0x";
				CLANG_CXX_LIBRARY = "libc++";
				CLANG_ENABLE_MODULES = YES;
				CLANG_ENABLE_OBJC_ARC = YES;
				CLANG_WARN_BOOL_CONVERSION = YES;
				CLANG_WARN_CONSTANT_CONVERSION = YES;
				CLANG_WARN_DIRECT_OBJC_ISA_USAGE = YES_ERROR;
				CLANG_WARN_EMPTY_BODY = YES;
				CLANG_WARN_ENUM_CONVERSION = YES;
				CLANG_WARN_INT_CONVERSION = YES;
				CLANG_WARN_OBJC_ROOT_CLASS = YES_ERROR;
				CLANG_WARN_UNREACHABLE_CODE = YES;
				CLANG_WARN__DUPLICATE_METHOD_MATCH = YES;
				"CODE_SIGN_IDENTITY[sdk=iphoneos*]" = "iPhone Developer";
				COPY_PHASE_STRIP = NO;
				DEBUG_INFORMATION_FORMAT = "dwarf-with-dsym";
				ENABLE_NS_ASSERTIONS = NO;
				ENABLE_STRICT_OBJC_MSGSEND = YES;
				GCC_C_LANGUAGE_STANDARD = gnu99;
				GCC_NO_COMMON_BLOCKS = YES;
				GCC_WARN_64_TO_32_BIT_CONVERSION = YES;
				GCC_WARN_ABOUT_RETURN_TYPE = YES_ERROR;
				GCC_WARN_UNDECLARED_SELECTOR = YES;
				GCC_WARN_UNINITIALIZED_AUTOS = YES_AGGRESSIVE;
				GCC_WARN_UNUSED_FUNCTION = YES;
				GCC_WARN_UNUSED_VARIABLE = YES;
				IPHONEOS_DEPLOYMENT_TARGET = 9.2;
				MTL_ENABLE_DEBUG_INFO = NO;
				SDKROOT = iphoneos;
				VALIDATE_PRODUCT = YES;
			};
			name = Release;
		};
		D8426D261C907B8F00E091D5 /* Debug */ = {
			isa = XCBuildConfiguration;
			baseConfigurationReference = 08B02A3BBE106B10E444D1B1 /* Pods-Pocket Pantry.debug.xcconfig */;
			buildSettings = {
				ASSETCATALOG_COMPILER_APPICON_NAME = AppIcon;
				INFOPLIST_FILE = "Pocket Pantry/Info.plist";
				LD_RUNPATH_SEARCH_PATHS = "$(inherited) @executable_path/Frameworks";
				PRODUCT_BUNDLE_IDENTIFIER = "com.StChabnah.Pocket-Pantry";
				PRODUCT_NAME = "$(TARGET_NAME)";
			};
			name = Debug;
		};
		D8426D271C907B8F00E091D5 /* Release */ = {
			isa = XCBuildConfiguration;
			baseConfigurationReference = 9685A4B2AF447A4415F2578D /* Pods-Pocket Pantry.release.xcconfig */;
			buildSettings = {
				ASSETCATALOG_COMPILER_APPICON_NAME = AppIcon;
				INFOPLIST_FILE = "Pocket Pantry/Info.plist";
				LD_RUNPATH_SEARCH_PATHS = "$(inherited) @executable_path/Frameworks";
				PRODUCT_BUNDLE_IDENTIFIER = "com.StChabnah.Pocket-Pantry";
				PRODUCT_NAME = "$(TARGET_NAME)";
			};
			name = Release;
		};
/* End XCBuildConfiguration section */

/* Begin XCConfigurationList section */
		D8426D0E1C907B8F00E091D5 /* Build configuration list for PBXProject "Pocket Pantry" */ = {
			isa = XCConfigurationList;
			buildConfigurations = (
				D8426D231C907B8F00E091D5 /* Debug */,
				D8426D241C907B8F00E091D5 /* Release */,
			);
			defaultConfigurationIsVisible = 0;
			defaultConfigurationName = Release;
		};
		D8426D251C907B8F00E091D5 /* Build configuration list for PBXNativeTarget "Pocket Pantry" */ = {
			isa = XCConfigurationList;
			buildConfigurations = (
				D8426D261C907B8F00E091D5 /* Debug */,
				D8426D271C907B8F00E091D5 /* Release */,
			);
			defaultConfigurationIsVisible = 0;
			defaultConfigurationName = Release;
		};
/* End XCConfigurationList section */
	};
	rootObject = D8426D0B1C907B8F00E091D5 /* Project object */;
}
